
Microsoft Visual Studio Solution File, Format Version 12.00
# Visual Studio Version 17
VisualStudioVersion = 17.5.002.0
MinimumVisualStudioVersion = 10.0.40219.1
Project("{2150E333-8FDC-42A3-9474-1A3956D46DE8}") = "CreationPatterns", "CreationPatterns", "{D0EA394E-8483-4852-A99A-ED0CC2AE7B84}"
EndProject
Project("{9A19103F-16F7-4668-BE54-9A1E7A4F7556}") = "FactoryMethod", "CreationPatterns\FactoryMethod\FactoryMethod.csproj", "{85DFBC0B-57E3-434F-8F66-A1E3586021CE}"
EndProject
Project("{FAE04EC0-301F-11D3-BF4B-00C04F79EFBC}") = "AbstractFactory", "CreationPatterns\AbstractFactory\AbstractFactory.csproj", "{7D0845AC-F77D-44FF-99DE-1C692FE217EC}"
EndProject
Project("{FAE04EC0-301F-11D3-BF4B-00C04F79EFBC}") = "Singleton", "CreationPatterns\Singleton\Singleton.csproj", "{57FD7B76-E616-43FE-8EAF-310805FE913B}"
EndProject
Project("{FAE04EC0-301F-11D3-BF4B-00C04F79EFBC}") = "Builder", "CreationPatterns\Builder\Builder.csproj", "{69B69645-B6FC-45A3-896F-70ED0050477C}"
EndProject
Project("{FAE04EC0-301F-11D3-BF4B-00C04F79EFBC}") = "Prototype", "CreationPatterns\Prototype\Prototype.csproj", "{84FACD8A-4FB7-4952-80BE-57115E5BE59E}"
EndProject
Project("{2150E333-8FDC-42A3-9474-1A3956D46DE8}") = "StructuralPatterns", "StructuralPatterns", "{BC0D7F10-B0AA-4033-AB91-E9651810BA07}"
EndProject
Project("{FAE04EC0-301F-11D3-BF4B-00C04F79EFBC}") = "Adapter", "StructuralPatterns\Adapter\Adapter.csproj", "{9726EBEC-976F-475E-B84F-509AA1E11378}"
EndProject
Project("{FAE04EC0-301F-11D3-BF4B-00C04F79EFBC}") = "Flyweight", "StructuralPatterns\Flyweight\Flyweight.csproj", "{80FDFDC4-6850-45AA-8AA5-3E0183F0E0CF}"
EndProject
Project("{FAE04EC0-301F-11D3-BF4B-00C04F79EFBC}") = "Bridge", "StructuralPatterns\Bridge\Bridge.csproj", "{EB672C4C-B9D1-4A1A-A9BA-5AFCD2288249}"
EndProject
Project("{FAE04EC0-301F-11D3-BF4B-00C04F79EFBC}") = "Composite", "StructuralPatterns\Composite\Composite.csproj", "{4C8EB993-3E05-45DA-B6D5-D00FC4FF0018}"
EndProject
Project("{FAE04EC0-301F-11D3-BF4B-00C04F79EFBC}") = "Decorator", "StructuralPatterns\Decorator\Decorator.csproj", "{4AC169FC-2E93-42F2-BDD1-075D597A6B14}"
EndProject
Project("{FAE04EC0-301F-11D3-BF4B-00C04F79EFBC}") = "Facade", "StructuralPatterns\Facade\Facade.csproj", "{A559B56A-373B-40F8-82E6-6D84DC752850}"
EndProject
Project("{FAE04EC0-301F-11D3-BF4B-00C04F79EFBC}") = "Proxy", "StructuralPatterns\Proxy\Proxy.csproj", "{83CEBD94-6850-4CC2-885F-6DE8A71ABACC}"
EndProject
Project("{2150E333-8FDC-42A3-9474-1A3956D46DE8}") = "BehavioralPatterns", "BehavioralPatterns", "{912A1E56-2006-42C4-8BAC-F2E0E959FCC9}"
EndProject
Project("{FAE04EC0-301F-11D3-BF4B-00C04F79EFBC}") = "TemplateMethod", "BehavioralPatterns\TemplateMethod\TemplateMethod.csproj", "{F9E02F90-70E3-41F4-8795-8546AD9766B3}"
EndProject
Project("{FAE04EC0-301F-11D3-BF4B-00C04F79EFBC}") = "Interpreter", "BehavioralPatterns\Interpreter\Interpreter.csproj", "{470E2E41-E183-43B9-90CC-E407A7E2319C}"
EndProject
Global
	GlobalSection(SolutionConfigurationPlatforms) = preSolution
		Debug|Any CPU = Debug|Any CPU
		Release|Any CPU = Release|Any CPU
	EndGlobalSection
	GlobalSection(ProjectConfigurationPlatforms) = postSolution
		{85DFBC0B-57E3-434F-8F66-A1E3586021CE}.Debug|Any CPU.ActiveCfg = Debug|Any CPU
		{85DFBC0B-57E3-434F-8F66-A1E3586021CE}.Debug|Any CPU.Build.0 = Debug|Any CPU
		{85DFBC0B-57E3-434F-8F66-A1E3586021CE}.Release|Any CPU.ActiveCfg = Release|Any CPU
		{85DFBC0B-57E3-434F-8F66-A1E3586021CE}.Release|Any CPU.Build.0 = Release|Any CPU
		{7D0845AC-F77D-44FF-99DE-1C692FE217EC}.Debug|Any CPU.ActiveCfg = Debug|Any CPU
		{7D0845AC-F77D-44FF-99DE-1C692FE217EC}.Debug|Any CPU.Build.0 = Debug|Any CPU
		{7D0845AC-F77D-44FF-99DE-1C692FE217EC}.Release|Any CPU.ActiveCfg = Release|Any CPU
		{7D0845AC-F77D-44FF-99DE-1C692FE217EC}.Release|Any CPU.Build.0 = Release|Any CPU
		{57FD7B76-E616-43FE-8EAF-310805FE913B}.Debug|Any CPU.ActiveCfg = Debug|Any CPU
		{57FD7B76-E616-43FE-8EAF-310805FE913B}.Debug|Any CPU.Build.0 = Debug|Any CPU
		{57FD7B76-E616-43FE-8EAF-310805FE913B}.Release|Any CPU.ActiveCfg = Release|Any CPU
		{57FD7B76-E616-43FE-8EAF-310805FE913B}.Release|Any CPU.Build.0 = Release|Any CPU
		{69B69645-B6FC-45A3-896F-70ED0050477C}.Debug|Any CPU.ActiveCfg = Debug|Any CPU
		{69B69645-B6FC-45A3-896F-70ED0050477C}.Debug|Any CPU.Build.0 = Debug|Any CPU
		{69B69645-B6FC-45A3-896F-70ED0050477C}.Release|Any CPU.ActiveCfg = Release|Any CPU
		{69B69645-B6FC-45A3-896F-70ED0050477C}.Release|Any CPU.Build.0 = Release|Any CPU
		{84FACD8A-4FB7-4952-80BE-57115E5BE59E}.Debug|Any CPU.ActiveCfg = Debug|Any CPU
		{84FACD8A-4FB7-4952-80BE-57115E5BE59E}.Debug|Any CPU.Build.0 = Debug|Any CPU
		{84FACD8A-4FB7-4952-80BE-57115E5BE59E}.Release|Any CPU.ActiveCfg = Release|Any CPU
		{84FACD8A-4FB7-4952-80BE-57115E5BE59E}.Release|Any CPU.Build.0 = Release|Any CPU
		{9726EBEC-976F-475E-B84F-509AA1E11378}.Debug|Any CPU.ActiveCfg = Debug|Any CPU
		{9726EBEC-976F-475E-B84F-509AA1E11378}.Debug|Any CPU.Build.0 = Debug|Any CPU
		{9726EBEC-976F-475E-B84F-509AA1E11378}.Release|Any CPU.ActiveCfg = Release|Any CPU
		{9726EBEC-976F-475E-B84F-509AA1E11378}.Release|Any CPU.Build.0 = Release|Any CPU
		{80FDFDC4-6850-45AA-8AA5-3E0183F0E0CF}.Debug|Any CPU.ActiveCfg = Debug|Any CPU
		{80FDFDC4-6850-45AA-8AA5-3E0183F0E0CF}.Debug|Any CPU.Build.0 = Debug|Any CPU
		{80FDFDC4-6850-45AA-8AA5-3E0183F0E0CF}.Release|Any CPU.ActiveCfg = Release|Any CPU
		{80FDFDC4-6850-45AA-8AA5-3E0183F0E0CF}.Release|Any CPU.Build.0 = Release|Any CPU
		{EB672C4C-B9D1-4A1A-A9BA-5AFCD2288249}.Debug|Any CPU.ActiveCfg = Debug|Any CPU
		{EB672C4C-B9D1-4A1A-A9BA-5AFCD2288249}.Debug|Any CPU.Build.0 = Debug|Any CPU
		{EB672C4C-B9D1-4A1A-A9BA-5AFCD2288249}.Release|Any CPU.ActiveCfg = Release|Any CPU
		{EB672C4C-B9D1-4A1A-A9BA-5AFCD2288249}.Release|Any CPU.Build.0 = Release|Any CPU
		{4C8EB993-3E05-45DA-B6D5-D00FC4FF0018}.Debug|Any CPU.ActiveCfg = Debug|Any CPU
		{4C8EB993-3E05-45DA-B6D5-D00FC4FF0018}.Debug|Any CPU.Build.0 = Debug|Any CPU
		{4C8EB993-3E05-45DA-B6D5-D00FC4FF0018}.Release|Any CPU.ActiveCfg = Release|Any CPU
		{4C8EB993-3E05-45DA-B6D5-D00FC4FF0018}.Release|Any CPU.Build.0 = Release|Any CPU
		{4AC169FC-2E93-42F2-BDD1-075D597A6B14}.Debug|Any CPU.ActiveCfg = Debug|Any CPU
		{4AC169FC-2E93-42F2-BDD1-075D597A6B14}.Debug|Any CPU.Build.0 = Debug|Any CPU
		{4AC169FC-2E93-42F2-BDD1-075D597A6B14}.Release|Any CPU.ActiveCfg = Release|Any CPU
		{4AC169FC-2E93-42F2-BDD1-075D597A6B14}.Release|Any CPU.Build.0 = Release|Any CPU
		{A559B56A-373B-40F8-82E6-6D84DC752850}.Debug|Any CPU.ActiveCfg = Debug|Any CPU
		{A559B56A-373B-40F8-82E6-6D84DC752850}.Debug|Any CPU.Build.0 = Debug|Any CPU
		{A559B56A-373B-40F8-82E6-6D84DC752850}.Release|Any CPU.ActiveCfg = Release|Any CPU
		{A559B56A-373B-40F8-82E6-6D84DC752850}.Release|Any CPU.Build.0 = Release|Any CPU
		{83CEBD94-6850-4CC2-885F-6DE8A71ABACC}.Debug|Any CPU.ActiveCfg = Debug|Any CPU
		{83CEBD94-6850-4CC2-885F-6DE8A71ABACC}.Debug|Any CPU.Build.0 = Debug|Any CPU
		{83CEBD94-6850-4CC2-885F-6DE8A71ABACC}.Release|Any CPU.ActiveCfg = Release|Any CPU
		{83CEBD94-6850-4CC2-885F-6DE8A71ABACC}.Release|Any CPU.Build.0 = Release|Any CPU
		{F9E02F90-70E3-41F4-8795-8546AD9766B3}.Debug|Any CPU.ActiveCfg = Debug|Any CPU
		{F9E02F90-70E3-41F4-8795-8546AD9766B3}.Debug|Any CPU.Build.0 = Debug|Any CPU
		{F9E02F90-70E3-41F4-8795-8546AD9766B3}.Release|Any CPU.ActiveCfg = Release|Any CPU
		{F9E02F90-70E3-41F4-8795-8546AD9766B3}.Release|Any CPU.Build.0 = Release|Any CPU
		{470E2E41-E183-43B9-90CC-E407A7E2319C}.Debug|Any CPU.ActiveCfg = Debug|Any CPU
		{470E2E41-E183-43B9-90CC-E407A7E2319C}.Debug|Any CPU.Build.0 = Debug|Any CPU
		{470E2E41-E183-43B9-90CC-E407A7E2319C}.Release|Any CPU.ActiveCfg = Release|Any CPU
		{470E2E41-E183-43B9-90CC-E407A7E2319C}.Release|Any CPU.Build.0 = Release|Any CPU
	EndGlobalSection
	GlobalSection(SolutionProperties) = preSolution
		HideSolutionNode = FALSE
	EndGlobalSection
	GlobalSection(NestedProjects) = preSolution
		{85DFBC0B-57E3-434F-8F66-A1E3586021CE} = {D0EA394E-8483-4852-A99A-ED0CC2AE7B84}
		{7D0845AC-F77D-44FF-99DE-1C692FE217EC} = {D0EA394E-8483-4852-A99A-ED0CC2AE7B84}
		{57FD7B76-E616-43FE-8EAF-310805FE913B} = {D0EA394E-8483-4852-A99A-ED0CC2AE7B84}
		{69B69645-B6FC-45A3-896F-70ED0050477C} = {D0EA394E-8483-4852-A99A-ED0CC2AE7B84}
		{84FACD8A-4FB7-4952-80BE-57115E5BE59E} = {D0EA394E-8483-4852-A99A-ED0CC2AE7B84}
		{9726EBEC-976F-475E-B84F-509AA1E11378} = {BC0D7F10-B0AA-4033-AB91-E9651810BA07}
		{80FDFDC4-6850-45AA-8AA5-3E0183F0E0CF} = {BC0D7F10-B0AA-4033-AB91-E9651810BA07}
		{EB672C4C-B9D1-4A1A-A9BA-5AFCD2288249} = {BC0D7F10-B0AA-4033-AB91-E9651810BA07}
		{4C8EB993-3E05-45DA-B6D5-D00FC4FF0018} = {BC0D7F10-B0AA-4033-AB91-E9651810BA07}
		{4AC169FC-2E93-42F2-BDD1-075D597A6B14} = {BC0D7F10-B0AA-4033-AB91-E9651810BA07}
		{A559B56A-373B-40F8-82E6-6D84DC752850} = {BC0D7F10-B0AA-4033-AB91-E9651810BA07}
		{83CEBD94-6850-4CC2-885F-6DE8A71ABACC} = {BC0D7F10-B0AA-4033-AB91-E9651810BA07}
		{F9E02F90-70E3-41F4-8795-8546AD9766B3} = {912A1E56-2006-42C4-8BAC-F2E0E959FCC9}
		{470E2E41-E183-43B9-90CC-E407A7E2319C} = {912A1E56-2006-42C4-8BAC-F2E0E959FCC9}
	EndGlobalSection
	GlobalSection(ExtensibilityGlobals) = postSolution
		SolutionGuid = {BA0A3E8F-08F7-4099-B2D7-46E94FE7BFAF}
	EndGlobalSection
EndGlobal
