
Microsoft Visual Studio Solution File, Format Version 12.00
# Visual Studio Version 17
VisualStudioVersion = 17.5.002.0
MinimumVisualStudioVersion = 10.0.40219.1
Project("{2150E333-8FDC-42A3-9474-1A3956D46DE8}") = "CreationPatterns", "CreationPatterns", "{D0EA394E-8483-4852-A99A-ED0CC2AE7B84}"
EndProject
Project("{9A19103F-16F7-4668-BE54-9A1E7A4F7556}") = "FactoryMethod", "CreationPatterns\FactoryMethod\FactoryMethod.csproj", "{85DFBC0B-57E3-434F-8F66-A1E3586021CE}"
EndProject
Project("{FAE04EC0-301F-11D3-BF4B-00C04F79EFBC}") = "AbstractFactory", "CreationPatterns\AbstractFactory\AbstractFactory.csproj", "{7D0845AC-F77D-44FF-99DE-1C692FE217EC}"
EndProject
Project("{FAE04EC0-301F-11D3-BF4B-00C04F79EFBC}") = "Singleton", "CreationPatterns\Singleton\Singleton.csproj", "{57FD7B76-E616-43FE-8EAF-310805FE913B}"
EndProject
Project("{FAE04EC0-301F-11D3-BF4B-00C04F79EFBC}") = "Builder", "CreationPatterns\Builder\Builder.csproj", "{69B69645-B6FC-45A3-896F-70ED0050477C}"
EndProject
Global
	GlobalSection(SolutionConfigurationPlatforms) = preSolution
		Debug|Any CPU = Debug|Any CPU
		Release|Any CPU = Release|Any CPU
	EndGlobalSection
	GlobalSection(ProjectConfigurationPlatforms) = postSolution
		{85DFBC0B-57E3-434F-8F66-A1E3586021CE}.Debug|Any CPU.ActiveCfg = Debug|Any CPU
		{85DFBC0B-57E3-434F-8F66-A1E3586021CE}.Debug|Any CPU.Build.0 = Debug|Any CPU
		{85DFBC0B-57E3-434F-8F66-A1E3586021CE}.Release|Any CPU.ActiveCfg = Release|Any CPU
		{85DFBC0B-57E3-434F-8F66-A1E3586021CE}.Release|Any CPU.Build.0 = Release|Any CPU
		{7D0845AC-F77D-44FF-99DE-1C692FE217EC}.Debug|Any CPU.ActiveCfg = Debug|Any CPU
		{7D0845AC-F77D-44FF-99DE-1C692FE217EC}.Debug|Any CPU.Build.0 = Debug|Any CPU
		{7D0845AC-F77D-44FF-99DE-1C692FE217EC}.Release|Any CPU.ActiveCfg = Release|Any CPU
		{7D0845AC-F77D-44FF-99DE-1C692FE217EC}.Release|Any CPU.Build.0 = Release|Any CPU
		{57FD7B76-E616-43FE-8EAF-310805FE913B}.Debug|Any CPU.ActiveCfg = Debug|Any CPU
		{57FD7B76-E616-43FE-8EAF-310805FE913B}.Debug|Any CPU.Build.0 = Debug|Any CPU
		{57FD7B76-E616-43FE-8EAF-310805FE913B}.Release|Any CPU.ActiveCfg = Release|Any CPU
		{57FD7B76-E616-43FE-8EAF-310805FE913B}.Release|Any CPU.Build.0 = Release|Any CPU
		{69B69645-B6FC-45A3-896F-70ED0050477C}.Debug|Any CPU.ActiveCfg = Debug|Any CPU
		{69B69645-B6FC-45A3-896F-70ED0050477C}.Debug|Any CPU.Build.0 = Debug|Any CPU
		{69B69645-B6FC-45A3-896F-70ED0050477C}.Release|Any CPU.ActiveCfg = Release|Any CPU
		{69B69645-B6FC-45A3-896F-70ED0050477C}.Release|Any CPU.Build.0 = Release|Any CPU
	EndGlobalSection
	GlobalSection(SolutionProperties) = preSolution
		HideSolutionNode = FALSE
	EndGlobalSection
	GlobalSection(NestedProjects) = preSolution
		{85DFBC0B-57E3-434F-8F66-A1E3586021CE} = {D0EA394E-8483-4852-A99A-ED0CC2AE7B84}
		{7D0845AC-F77D-44FF-99DE-1C692FE217EC} = {D0EA394E-8483-4852-A99A-ED0CC2AE7B84}
		{57FD7B76-E616-43FE-8EAF-310805FE913B} = {D0EA394E-8483-4852-A99A-ED0CC2AE7B84}
		{69B69645-B6FC-45A3-896F-70ED0050477C} = {D0EA394E-8483-4852-A99A-ED0CC2AE7B84}
	EndGlobalSection
	GlobalSection(ExtensibilityGlobals) = postSolution
		SolutionGuid = {BA0A3E8F-08F7-4099-B2D7-46E94FE7BFAF}
	EndGlobalSection
EndGlobal
